
Microsoft Visual Studio Solution File, Format Version 12.00
# Visual Studio Version 16
VisualStudioVersion = 16.0.29806.167
MinimumVisualStudioVersion = 10.0.40219.1
Project("{FAE04EC0-301F-11D3-BF4B-00C04F79EFBC}") = "MyFirstApp", "MyFirstApp\MyFirstApp.csproj", "{BCC78B2D-CB1F-4C7C-8356-6B7B66038763}"
EndProject
Global
	GlobalSection(SolutionConfigurationPlatforms) = preSolution
		Debug|Any CPU = Debug|Any CPU
		Release|Any CPU = Release|Any CPU
	EndGlobalSection
	GlobalSection(ProjectConfigurationPlatforms) = postSolution
		{BCC78B2D-CB1F-4C7C-8356-6B7B66038763}.Debug|Any CPU.ActiveCfg = Debug|Any CPU
		{BCC78B2D-CB1F-4C7C-8356-6B7B66038763}.Debug|Any CPU.Build.0 = Debug|Any CPU
		{BCC78B2D-CB1F-4C7C-8356-6B7B66038763}.Release|Any CPU.ActiveCfg = Release|Any CPU
		{BCC78B2D-CB1F-4C7C-8356-6B7B66038763}.Release|Any CPU.Build.0 = Release|Any CPU
	EndGlobalSection
	GlobalSection(SolutionProperties) = preSolution
		HideSolutionNode = FALSE
	EndGlobalSection
	GlobalSection(ExtensibilityGlobals) = postSolution
		SolutionGuid = {8420D556-3139-4206-A724-739979DA0BBF}
	EndGlobalSection
EndGlobal
